
Microsoft Visual Studio Solution File, Format Version 12.00
# Visual Studio Version 17
VisualStudioVersion = 17.14.36429.23 d17.14
MinimumVisualStudioVersion = 10.0.40219.1
Project("{FAE04EC0-301F-11D3-BF4B-00C04F79EFBC}") = "Mommy'sCookBook", "Mommy'sCookBook\Mommy'sCookBook.csproj", "{BE486899-E7FC-42A3-AA94-BA230C85775F}"
EndProject
Project("{FAE04EC0-301F-11D3-BF4B-00C04F79EFBC}") = "Mommy'sCookBookUI", "Mommy'sCookBookUI\Mommy'sCookBookUI.csproj", "{C0B9EBCF-FF5D-4D0F-BF07-A53E242093A0}"
EndProject
Global
	GlobalSection(SolutionConfigurationPlatforms) = preSolution
		Debug|Any CPU = Debug|Any CPU
		Release|Any CPU = Release|Any CPU
	EndGlobalSection
	GlobalSection(ProjectConfigurationPlatforms) = postSolution
		{BE486899-E7FC-42A3-AA94-BA230C85775F}.Debug|Any CPU.ActiveCfg = Debug|Any CPU
		{BE486899-E7FC-42A3-AA94-BA230C85775F}.Debug|Any CPU.Build.0 = Debug|Any CPU
		{BE486899-E7FC-42A3-AA94-BA230C85775F}.Release|Any CPU.ActiveCfg = Release|Any CPU
		{BE486899-E7FC-42A3-AA94-BA230C85775F}.Release|Any CPU.Build.0 = Release|Any CPU
		{C0B9EBCF-FF5D-4D0F-BF07-A53E242093A0}.Debug|Any CPU.ActiveCfg = Debug|Any CPU
		{C0B9EBCF-FF5D-4D0F-BF07-A53E242093A0}.Debug|Any CPU.Build.0 = Debug|Any CPU
		{C0B9EBCF-FF5D-4D0F-BF07-A53E242093A0}.Release|Any CPU.ActiveCfg = Release|Any CPU
		{C0B9EBCF-FF5D-4D0F-BF07-A53E242093A0}.Release|Any CPU.Build.0 = Release|Any CPU
	EndGlobalSection
	GlobalSection(SolutionProperties) = preSolution
		HideSolutionNode = FALSE
	EndGlobalSection
	GlobalSection(ExtensibilityGlobals) = postSolution
		SolutionGuid = {D0BA7C17-2624-4FC7-A4ED-90906E0B12A5}
	EndGlobalSection
EndGlobal
